
Microsoft Visual Studio Solution File, Format Version 12.00
# Visual Studio Version 17
VisualStudioVersion = 17.5.002.0
MinimumVisualStudioVersion = 10.0.40219.1
Project("{9A19103F-16F7-4668-BE54-9A1E7A4F7556}") = "AprovacaoAluno", "AprovacaoAluno.csproj", "{769EE4FC-C774-4330-81FB-E08D87FF4E92}"
EndProject
Global
	GlobalSection(SolutionConfigurationPlatforms) = preSolution
		Debug|Any CPU = Debug|Any CPU
		Release|Any CPU = Release|Any CPU
	EndGlobalSection
	GlobalSection(ProjectConfigurationPlatforms) = postSolution
		{769EE4FC-C774-4330-81FB-E08D87FF4E92}.Debug|Any CPU.ActiveCfg = Debug|Any CPU
		{769EE4FC-C774-4330-81FB-E08D87FF4E92}.Debug|Any CPU.Build.0 = Debug|Any CPU
		{769EE4FC-C774-4330-81FB-E08D87FF4E92}.Release|Any CPU.ActiveCfg = Release|Any CPU
		{769EE4FC-C774-4330-81FB-E08D87FF4E92}.Release|Any CPU.Build.0 = Release|Any CPU
	EndGlobalSection
	GlobalSection(SolutionProperties) = preSolution
		HideSolutionNode = FALSE
	EndGlobalSection
	GlobalSection(ExtensibilityGlobals) = postSolution
		SolutionGuid = {960543FC-0A30-4AA8-A134-8C50FEF9BD3B}
	EndGlobalSection
EndGlobal
